
Microsoft Visual Studio Solution File, Format Version 12.00
# Visual Studio Version 16
VisualStudioVersion = 16.0.31515.178
MinimumVisualStudioVersion = 10.0.40219.1
Project("{9A19103F-16F7-4668-BE54-9A1E7A4F7556}") = "LocationWebApi", "..\src\WebApi\LocationWebApi.csproj", "{91259C19-7A9F-4EBB-A99B-8DCF367332E3}"
EndProject
Project("{2150E333-8FDC-42A3-9474-1A3956D46DE8}") = "WebApi", "WebApi", "{1DD90073-705B-4C7B-9610-C582E5C20841}"
EndProject
Project("{2150E333-8FDC-42A3-9474-1A3956D46DE8}") = "IBGE", "IBGE", "{2B4AFAA3-5F1D-49C4-8E1A-F3AE2F16A4B5}"
EndProject
Project("{2150E333-8FDC-42A3-9474-1A3956D46DE8}") = "Infrastructure", "Infrastructure", "{CA4558E9-A4AD-475E-8398-91CAC28229B5}"
EndProject
Project("{2150E333-8FDC-42A3-9474-1A3956D46DE8}") = "Model", "Model", "{18A30D88-7E08-4F78-A9CF-6EA57C10D685}"
EndProject
Project("{2150E333-8FDC-42A3-9474-1A3956D46DE8}") = "Repository", "Repository", "{65F08A43-35EB-4DEA-AB8B-3102C02E2CF6}"
EndProject
Project("{9A19103F-16F7-4668-BE54-9A1E7A4F7556}") = "IBGEModel", "..\src\IBGE\Model\IBGEModel\IBGEModel.csproj", "{614687D1-E626-4D07-8E69-D5EA0355FB60}"
EndProject
Project("{2150E333-8FDC-42A3-9474-1A3956D46DE8}") = "Configuration", "Configuration", "{C680A17A-DFA2-4AD6-A571-B99E443ED181}"
EndProject
Project("{2150E333-8FDC-42A3-9474-1A3956D46DE8}") = "Contract", "Contract", "{BF7F864C-ADA4-43A9-B396-E62F8D0FBBB1}"
EndProject
Project("{2150E333-8FDC-42A3-9474-1A3956D46DE8}") = "Service", "Service", "{AB06E684-F618-4AE8-A1F3-F2107D57E068}"
EndProject
Project("{2150E333-8FDC-42A3-9474-1A3956D46DE8}") = "Contract", "Contract", "{3C4B21E9-5C6B-4A49-9538-3A7970B8332B}"
EndProject
Project("{2150E333-8FDC-42A3-9474-1A3956D46DE8}") = "Security", "Security", "{8F09A275-4916-41C3-B714-41FAD1B31BF2}"
EndProject
Project("{2150E333-8FDC-42A3-9474-1A3956D46DE8}") = "Facade", "Facade", "{89466D44-0197-4AC1-ADAB-CBCB70F0F4B9}"
EndProject
Project("{2150E333-8FDC-42A3-9474-1A3956D46DE8}") = "Gateway", "Gateway", "{AF6F4F78-6C7B-4739-AF33-927AAB62B1F0}"
EndProject
Project("{9A19103F-16F7-4668-BE54-9A1E7A4F7556}") = "IBGEGateway", "..\src\IBGE\Gateway\IBGEGateway\IBGEGateway.csproj", "{EB57C56A-F701-4323-A681-8FE77F5A35A3}"
EndProject
Project("{9A19103F-16F7-4668-BE54-9A1E7A4F7556}") = "IBGERepository", "..\src\IBGE\Repository\IBGERepository\IBGERepository.csproj", "{A7DEE504-46DB-4726-917A-6092B07812D7}"
EndProject
Project("{2150E333-8FDC-42A3-9474-1A3956D46DE8}") = "Contract", "Contract", "{E47A6E03-5A70-4B05-87A1-03514A80F9FB}"
EndProject
Project("{9A19103F-16F7-4668-BE54-9A1E7A4F7556}") = "FacadeLocationContract", "..\src\Facade\Contract\FacadeLocationContract\FacadeLocationContract.csproj", "{2F4A5942-0C01-4EF8-8ACF-BBD3EEF56001}"
EndProject
Project("{2150E333-8FDC-42A3-9474-1A3956D46DE8}") = "AntiCorruption", "AntiCorruption", "{14B8B4F2-C20A-4723-B287-3B18C55EA799}"
EndProject
Project("{2150E333-8FDC-42A3-9474-1A3956D46DE8}") = "Service", "Service", "{E76BCD39-5F6F-4C0B-919F-85B904694152}"
EndProject
Project("{9A19103F-16F7-4668-BE54-9A1E7A4F7556}") = "FacadeLocationService", "..\src\AntiComrruption\Service\FacadeLocationService\FacadeLocationService.csproj", "{9292E1C0-B42A-4D89-B7F5-05FA05B6C573}"
EndProject
Project("{2150E333-8FDC-42A3-9474-1A3956D46DE8}") = "Location", "Location", "{A0217E34-F831-4351-B182-A99E031CFE53}"
EndProject
Project("{2150E333-8FDC-42A3-9474-1A3956D46DE8}") = "Contract", "Contract", "{D881F919-F6B8-4AE7-B039-F8CD1B7A3745}"
EndProject
Project("{2150E333-8FDC-42A3-9474-1A3956D46DE8}") = "Service", "Service", "{D98D537B-6F3D-4D41-A897-6541A0170830}"
EndProject
Project("{9A19103F-16F7-4668-BE54-9A1E7A4F7556}") = "LocationContract", "..\src\Location\Contract\LocationContract\LocationContract.csproj", "{B5081731-1003-4220-AF88-7461C418E352}"
EndProject
Project("{9A19103F-16F7-4668-BE54-9A1E7A4F7556}") = "LocationService", "..\src\Location\Service\LocationService\LocationService.csproj", "{DD940B49-7F58-41EA-BDA7-C268724BCF83}"
EndProject
Project("{2150E333-8FDC-42A3-9474-1A3956D46DE8}") = "Model", "Model", "{4CEBE01D-6B7C-40BC-B26C-526B5240A0F1}"
EndProject
Project("{9A19103F-16F7-4668-BE54-9A1E7A4F7556}") = "LocationModel", "..\src\Location\Model\LocationModel\LocationModel.csproj", "{CF6DA4CA-DC77-46FC-8FB1-93FF1159AA78}"
EndProject
Project("{2150E333-8FDC-42A3-9474-1A3956D46DE8}") = "Locator", "Locator", "{F51F73B3-D4F4-4E0A-B30B-B16971373CFE}"
EndProject
Project("{FAE04EC0-301F-11D3-BF4B-00C04F79EFBC}") = "LocationLocator", "..\src\Location\Locator\LocationLocator\LocationLocator.csproj", "{0F557F15-A2FD-4FAB-B1F4-95F1571F3ED9}"
EndProject
Global
	GlobalSection(SolutionConfigurationPlatforms) = preSolution
		Debug|Any CPU = Debug|Any CPU
		Release|Any CPU = Release|Any CPU
	EndGlobalSection
	GlobalSection(ProjectConfigurationPlatforms) = postSolution
		{91259C19-7A9F-4EBB-A99B-8DCF367332E3}.Debug|Any CPU.ActiveCfg = Debug|Any CPU
		{91259C19-7A9F-4EBB-A99B-8DCF367332E3}.Debug|Any CPU.Build.0 = Debug|Any CPU
		{91259C19-7A9F-4EBB-A99B-8DCF367332E3}.Release|Any CPU.ActiveCfg = Release|Any CPU
		{91259C19-7A9F-4EBB-A99B-8DCF367332E3}.Release|Any CPU.Build.0 = Release|Any CPU
		{614687D1-E626-4D07-8E69-D5EA0355FB60}.Debug|Any CPU.ActiveCfg = Debug|Any CPU
		{614687D1-E626-4D07-8E69-D5EA0355FB60}.Debug|Any CPU.Build.0 = Debug|Any CPU
		{614687D1-E626-4D07-8E69-D5EA0355FB60}.Release|Any CPU.ActiveCfg = Release|Any CPU
		{614687D1-E626-4D07-8E69-D5EA0355FB60}.Release|Any CPU.Build.0 = Release|Any CPU
		{EB57C56A-F701-4323-A681-8FE77F5A35A3}.Debug|Any CPU.ActiveCfg = Debug|Any CPU
		{EB57C56A-F701-4323-A681-8FE77F5A35A3}.Debug|Any CPU.Build.0 = Debug|Any CPU
		{EB57C56A-F701-4323-A681-8FE77F5A35A3}.Release|Any CPU.ActiveCfg = Release|Any CPU
		{EB57C56A-F701-4323-A681-8FE77F5A35A3}.Release|Any CPU.Build.0 = Release|Any CPU
		{A7DEE504-46DB-4726-917A-6092B07812D7}.Debug|Any CPU.ActiveCfg = Debug|Any CPU
		{A7DEE504-46DB-4726-917A-6092B07812D7}.Debug|Any CPU.Build.0 = Debug|Any CPU
		{A7DEE504-46DB-4726-917A-6092B07812D7}.Release|Any CPU.ActiveCfg = Release|Any CPU
		{A7DEE504-46DB-4726-917A-6092B07812D7}.Release|Any CPU.Build.0 = Release|Any CPU
		{2F4A5942-0C01-4EF8-8ACF-BBD3EEF56001}.Debug|Any CPU.ActiveCfg = Debug|Any CPU
		{2F4A5942-0C01-4EF8-8ACF-BBD3EEF56001}.Debug|Any CPU.Build.0 = Debug|Any CPU
		{2F4A5942-0C01-4EF8-8ACF-BBD3EEF56001}.Release|Any CPU.ActiveCfg = Release|Any CPU
		{2F4A5942-0C01-4EF8-8ACF-BBD3EEF56001}.Release|Any CPU.Build.0 = Release|Any CPU
		{9292E1C0-B42A-4D89-B7F5-05FA05B6C573}.Debug|Any CPU.ActiveCfg = Debug|Any CPU
		{9292E1C0-B42A-4D89-B7F5-05FA05B6C573}.Debug|Any CPU.Build.0 = Debug|Any CPU
		{9292E1C0-B42A-4D89-B7F5-05FA05B6C573}.Release|Any CPU.ActiveCfg = Release|Any CPU
		{9292E1C0-B42A-4D89-B7F5-05FA05B6C573}.Release|Any CPU.Build.0 = Release|Any CPU
		{B5081731-1003-4220-AF88-7461C418E352}.Debug|Any CPU.ActiveCfg = Debug|Any CPU
		{B5081731-1003-4220-AF88-7461C418E352}.Debug|Any CPU.Build.0 = Debug|Any CPU
		{B5081731-1003-4220-AF88-7461C418E352}.Release|Any CPU.ActiveCfg = Release|Any CPU
		{B5081731-1003-4220-AF88-7461C418E352}.Release|Any CPU.Build.0 = Release|Any CPU
		{DD940B49-7F58-41EA-BDA7-C268724BCF83}.Debug|Any CPU.ActiveCfg = Debug|Any CPU
		{DD940B49-7F58-41EA-BDA7-C268724BCF83}.Debug|Any CPU.Build.0 = Debug|Any CPU
		{DD940B49-7F58-41EA-BDA7-C268724BCF83}.Release|Any CPU.ActiveCfg = Release|Any CPU
		{DD940B49-7F58-41EA-BDA7-C268724BCF83}.Release|Any CPU.Build.0 = Release|Any CPU
		{CF6DA4CA-DC77-46FC-8FB1-93FF1159AA78}.Debug|Any CPU.ActiveCfg = Debug|Any CPU
		{CF6DA4CA-DC77-46FC-8FB1-93FF1159AA78}.Debug|Any CPU.Build.0 = Debug|Any CPU
		{CF6DA4CA-DC77-46FC-8FB1-93FF1159AA78}.Release|Any CPU.ActiveCfg = Release|Any CPU
		{CF6DA4CA-DC77-46FC-8FB1-93FF1159AA78}.Release|Any CPU.Build.0 = Release|Any CPU
		{0F557F15-A2FD-4FAB-B1F4-95F1571F3ED9}.Debug|Any CPU.ActiveCfg = Debug|Any CPU
		{0F557F15-A2FD-4FAB-B1F4-95F1571F3ED9}.Debug|Any CPU.Build.0 = Debug|Any CPU
		{0F557F15-A2FD-4FAB-B1F4-95F1571F3ED9}.Release|Any CPU.ActiveCfg = Release|Any CPU
		{0F557F15-A2FD-4FAB-B1F4-95F1571F3ED9}.Release|Any CPU.Build.0 = Release|Any CPU
	EndGlobalSection
	GlobalSection(SolutionProperties) = preSolution
		HideSolutionNode = FALSE
	EndGlobalSection
	GlobalSection(NestedProjects) = preSolution
		{91259C19-7A9F-4EBB-A99B-8DCF367332E3} = {1DD90073-705B-4C7B-9610-C582E5C20841}
		{CA4558E9-A4AD-475E-8398-91CAC28229B5} = {2B4AFAA3-5F1D-49C4-8E1A-F3AE2F16A4B5}
		{65F08A43-35EB-4DEA-AB8B-3102C02E2CF6} = {2B4AFAA3-5F1D-49C4-8E1A-F3AE2F16A4B5}
		{614687D1-E626-4D07-8E69-D5EA0355FB60} = {18A30D88-7E08-4F78-A9CF-6EA57C10D685}
		{C680A17A-DFA2-4AD6-A571-B99E443ED181} = {CA4558E9-A4AD-475E-8398-91CAC28229B5}
		{BF7F864C-ADA4-43A9-B396-E62F8D0FBBB1} = {C680A17A-DFA2-4AD6-A571-B99E443ED181}
		{AB06E684-F618-4AE8-A1F3-F2107D57E068} = {CA4558E9-A4AD-475E-8398-91CAC28229B5}
		{3C4B21E9-5C6B-4A49-9538-3A7970B8332B} = {CA4558E9-A4AD-475E-8398-91CAC28229B5}
		{8F09A275-4916-41C3-B714-41FAD1B31BF2} = {CA4558E9-A4AD-475E-8398-91CAC28229B5}
		{AF6F4F78-6C7B-4739-AF33-927AAB62B1F0} = {2B4AFAA3-5F1D-49C4-8E1A-F3AE2F16A4B5}
		{EB57C56A-F701-4323-A681-8FE77F5A35A3} = {AF6F4F78-6C7B-4739-AF33-927AAB62B1F0}
		{A7DEE504-46DB-4726-917A-6092B07812D7} = {65F08A43-35EB-4DEA-AB8B-3102C02E2CF6}
		{E47A6E03-5A70-4B05-87A1-03514A80F9FB} = {89466D44-0197-4AC1-ADAB-CBCB70F0F4B9}
		{2F4A5942-0C01-4EF8-8ACF-BBD3EEF56001} = {E47A6E03-5A70-4B05-87A1-03514A80F9FB}
		{E76BCD39-5F6F-4C0B-919F-85B904694152} = {14B8B4F2-C20A-4723-B287-3B18C55EA799}
		{9292E1C0-B42A-4D89-B7F5-05FA05B6C573} = {E76BCD39-5F6F-4C0B-919F-85B904694152}
		{D881F919-F6B8-4AE7-B039-F8CD1B7A3745} = {A0217E34-F831-4351-B182-A99E031CFE53}
		{D98D537B-6F3D-4D41-A897-6541A0170830} = {A0217E34-F831-4351-B182-A99E031CFE53}
		{B5081731-1003-4220-AF88-7461C418E352} = {D881F919-F6B8-4AE7-B039-F8CD1B7A3745}
		{DD940B49-7F58-41EA-BDA7-C268724BCF83} = {D98D537B-6F3D-4D41-A897-6541A0170830}
		{4CEBE01D-6B7C-40BC-B26C-526B5240A0F1} = {A0217E34-F831-4351-B182-A99E031CFE53}
		{CF6DA4CA-DC77-46FC-8FB1-93FF1159AA78} = {4CEBE01D-6B7C-40BC-B26C-526B5240A0F1}
		{F51F73B3-D4F4-4E0A-B30B-B16971373CFE} = {A0217E34-F831-4351-B182-A99E031CFE53}
		{0F557F15-A2FD-4FAB-B1F4-95F1571F3ED9} = {F51F73B3-D4F4-4E0A-B30B-B16971373CFE}
	EndGlobalSection
	GlobalSection(ExtensibilityGlobals) = postSolution
		SolutionGuid = {279DA1F7-0BD1-4434-A160-2713135C6AF0}
	EndGlobalSection
EndGlobal
